
Microsoft Visual Studio Solution File, Format Version 12.00
# Visual Studio 15
VisualStudioVersion = 15.0.28307.168
MinimumVisualStudioVersion = 10.0.40219.1
Project("{FAE04EC0-301F-11D3-BF4B-00C04F79EFBC}") = "TestEngine", "TestEngine\TestEngine.csproj", "{17C8F6FD-BDE7-469D-A0A9-6E29BA3BBCA9}"
EndProject
Global
	GlobalSection(SolutionConfigurationPlatforms) = preSolution
		Debug|Any CPU = Debug|Any CPU
		Release|Any CPU = Release|Any CPU
	EndGlobalSection
	GlobalSection(ProjectConfigurationPlatforms) = postSolution
		{17C8F6FD-BDE7-469D-A0A9-6E29BA3BBCA9}.Debug|Any CPU.ActiveCfg = Debug|Any CPU
		{17C8F6FD-BDE7-469D-A0A9-6E29BA3BBCA9}.Debug|Any CPU.Build.0 = Debug|Any CPU
		{17C8F6FD-BDE7-469D-A0A9-6E29BA3BBCA9}.Release|Any CPU.ActiveCfg = Release|Any CPU
		{17C8F6FD-BDE7-469D-A0A9-6E29BA3BBCA9}.Release|Any CPU.Build.0 = Release|Any CPU
	EndGlobalSection
	GlobalSection(SolutionProperties) = preSolution
		HideSolutionNode = FALSE
	EndGlobalSection
	GlobalSection(ExtensibilityGlobals) = postSolution
		SolutionGuid = {B9F8AFB5-C99B-4F88-BA7D-AF6753241234}
	EndGlobalSection
EndGlobal
